// !$*UTF8*$!
{
	archiveVersion = 1;
	classes = {
	};
	objectVersion = 77;
	objects = {

/* Begin PBXBuildFile section */
		AA4376662FE5FEE000BF4EB1 /* Snooker.storekit in Resources */ = {isa = PBXBuildFile; fileRef = AA4376652FE5FEE000BF4EB1 /* Snooker.storekit */; };
		AA74DA522FD3329800C71C6C /* WidgetKit.framework in Frameworks */ = {isa = PBXBuildFile; fileRef = AA74DA512FD3329700C71C6C /* WidgetKit.framework */; };
		AA74DA542FD3329800C71C6C /* SwiftUI.framework in Frameworks */ = {isa = PBXBuildFile; fileRef = AA74DA532FD3329800C71C6C /* SwiftUI.framework */; };
		AA74DA612FD3329A00C71C6C /* SnookerWidgetExtension.appex in Embed Foundation Extensions */ = {isa = PBXBuildFile; fileRef = AA74DA502FD3329700C71C6C /* SnookerWidgetExtension.appex */; settings = {ATTRIBUTES = (RemoveHeadersOnCopy, ); }; };
		AA77FA5D2F1D38D500730596 /* Icon.icon in Resources */ = {isa = PBXBuildFile; fileRef = AA77FA5C2F1D38D500730596 /* Icon.icon */; };
		AAB319A42E96F1070014CA2A /* PostgREST in Frameworks */ = {isa = PBXBuildFile; productRef = AAB319A32E96F1070014CA2A /* PostgREST */; };
		AAB319A62E96F4770014CA2A /* Auth in Frameworks */ = {isa = PBXBuildFile; productRef = AAB319A52E96F4770014CA2A /* Auth */; };
		AAB319A82E96F4770014CA2A /* Functions in Frameworks */ = {isa = PBXBuildFile; productRef = AAB319A72E96F4770014CA2A /* Functions */; };
		AAB319AB2E96F4AF0014CA2A /* Supabase in Frameworks */ = {isa = PBXBuildFile; productRef = AAB319AA2E96F4AF0014CA2A /* Supabase */; };
/* End PBXBuildFile section */

/* Begin PBXContainerItemProxy section */
		AA74DA5F2FD3329A00C71C6C /* PBXContainerItemProxy */ = {
			isa = PBXContainerItemProxy;
			containerPortal = AAC2649C2E93031A0062804E /* Project object */;
			proxyType = 1;
			remoteGlobalIDString = AA74DA4F2FD3329700C71C6C;
			remoteInfo = SnookerWidgetExtension;
		};
/* End PBXContainerItemProxy section */

/* Begin PBXCopyFilesBuildPhase section */
		AA74DA662FD3329A00C71C6C /* Embed Foundation Extensions */ = {
			isa = PBXCopyFilesBuildPhase;
			buildActionMask = 2147483647;
			dstPath = "";
			dstSubfolderSpec = 13;
			files = (
				AA74DA612FD3329A00C71C6C /* SnookerWidgetExtension.appex in Embed Foundation Extensions */,
			);
			name = "Embed Foundation Extensions";
			runOnlyForDeploymentPostprocessing = 0;
		};
/* End PBXCopyFilesBuildPhase section */

/* Begin PBXFileReference section */
		AA4376652FE5FEE000BF4EB1 /* Snooker.storekit */ = {isa = PBXFileReference; lastKnownFileType = text; path = Snooker.storekit; sourceTree = "<group>"; };
		AA74DA502FD3329700C71C6C /* SnookerWidgetExtension.appex */ = {isa = PBXFileReference; explicitFileType = "wrapper.app-extension"; includeInIndex = 0; path = SnookerWidgetExtension.appex; sourceTree = BUILT_PRODUCTS_DIR; };
		AA74DA512FD3329700C71C6C /* WidgetKit.framework */ = {isa = PBXFileReference; lastKnownFileType = wrapper.framework; name = WidgetKit.framework; path = System/Library/Frameworks/WidgetKit.framework; sourceTree = SDKROOT; };
		AA74DA532FD3329800C71C6C /* SwiftUI.framework */ = {isa = PBXFileReference; lastKnownFileType = wrapper.framework; name = SwiftUI.framework; path = System/Library/Frameworks/SwiftUI.framework; sourceTree = SDKROOT; };
		AA77FA5C2F1D38D500730596 /* Icon.icon */ = {isa = PBXFileReference; lastKnownFileType = folder.iconcomposer.icon; path = Icon.icon; sourceTree = "<group>"; };
		AAC264A42E93031A0062804E /* Snooker.app */ = {isa = PBXFileReference; explicitFileType = wrapper.application; includeInIndex = 0; path = Snooker.app; sourceTree = BUILT_PRODUCTS_DIR; };
/* End PBXFileReference section */

/* Begin PBXFileSystemSynchronizedBuildFileExceptionSet section */
		AA74DA652FD3329A00C71C6C /* Exceptions for "SnookerWidget" folder in "SnookerWidgetExtension" target */ = {
			isa = PBXFileSystemSynchronizedBuildFileExceptionSet;
			membershipExceptions = (
				Info.plist,
			);
			target = AA74DA4F2FD3329700C71C6C /* SnookerWidgetExtension */;
		};
		AA74DA6C2FD332F900C71C6C /* Exceptions for "SnookerWidget" folder in "Snooker" target */ = {
			isa = PBXFileSystemSynchronizedBuildFileExceptionSet;
			membershipExceptions = (
				MatchLiveActivityAttributes.swift,
			);
			target = AAC264A32E93031A0062804E /* Snooker */;
		};
		AAC264B62E93031C0062804E /* Exceptions for "Snooker" folder in "Snooker" target */ = {
			isa = PBXFileSystemSynchronizedBuildFileExceptionSet;
			membershipExceptions = (
				Info.plist,
			);
			target = AAC264A32E93031A0062804E /* Snooker */;
		};
/* End PBXFileSystemSynchronizedBuildFileExceptionSet section */

/* Begin PBXFileSystemSynchronizedRootGroup section */
		AA74DA552FD3329800C71C6C /* SnookerWidget */ = {
			isa = PBXFileSystemSynchronizedRootGroup;
			exceptions = (
				AA74DA6C2FD332F900C71C6C /* Exceptions for "SnookerWidget" folder in "Snooker" target */,
				AA74DA652FD3329A00C71C6C /* Exceptions for "SnookerWidget" folder in "SnookerWidgetExtension" target */,
			);
			path = SnookerWidget;
			sourceTree = "<group>";
		};
		AA10CA1E2FE1000000000001 /* Localization */ = {
			isa = PBXFileSystemSynchronizedRootGroup;
			path = Localization;
			sourceTree = "<group>";
		};
		AABD5E762EB919C300B0045D /* Models */ = {
			isa = PBXFileSystemSynchronizedRootGroup;
			path = Models;
			sourceTree = "<group>";
		};
		AABD5E7A2EB919D000B0045D /* Network */ = {
			isa = PBXFileSystemSynchronizedRootGroup;
			path = Network;
			sourceTree = "<group>";
		};
		AAC264A62E93031A0062804E /* Snooker */ = {
			isa = PBXFileSystemSynchronizedRootGroup;
			exceptions = (
				AAC264B62E93031C0062804E /* Exceptions for "Snooker" folder in "Snooker" target */,
			);
			path = Snooker;
			sourceTree = "<group>";
		};
/* End PBXFileSystemSynchronizedRootGroup section */

/* Begin PBXFrameworksBuildPhase section */
		AA74DA4D2FD3329700C71C6C /* Frameworks */ = {
			isa = PBXFrameworksBuildPhase;
			buildActionMask = 2147483647;
			files = (
				AA74DA542FD3329800C71C6C /* SwiftUI.framework in Frameworks */,
				AA74DA522FD3329800C71C6C /* WidgetKit.framework in Frameworks */,
			);
			runOnlyForDeploymentPostprocessing = 0;
		};
		AAC264A12E93031A0062804E /* Frameworks */ = {
			isa = PBXFrameworksBuildPhase;
			buildActionMask = 2147483647;
			files = (
				AAB319AB2E96F4AF0014CA2A /* Supabase in Frameworks */,
				AAB319A82E96F4770014CA2A /* Functions in Frameworks */,
				AAB319A62E96F4770014CA2A /* Auth in Frameworks */,
				AAB319A42E96F1070014CA2A /* PostgREST in Frameworks */,
			);
			runOnlyForDeploymentPostprocessing = 0;
		};
/* End PBXFrameworksBuildPhase section */

/* Begin PBXGroup section */
		AAB319A92E96F4AF0014CA2A /* Frameworks */ = {
			isa = PBXGroup;
			children = (
				AA10CA1E2FE1000000000001 /* Localization */,
				AABD5E762EB919C300B0045D /* Models */,
				AABD5E7A2EB919D000B0045D /* Network */,
				AA74DA512FD3329700C71C6C /* WidgetKit.framework */,
				AA74DA532FD3329800C71C6C /* SwiftUI.framework */,
			);
			name = Frameworks;
			sourceTree = "<group>";
		};
		AAC2649B2E93031A0062804E = {
			isa = PBXGroup;
			children = (
				AAC264A62E93031A0062804E /* Snooker */,
				AA74DA552FD3329800C71C6C /* SnookerWidget */,
				AAB319A92E96F4AF0014CA2A /* Frameworks */,
				AAC264A52E93031A0062804E /* Products */,
				AA77FA5C2F1D38D500730596 /* Icon.icon */,
				AA4376652FE5FEE000BF4EB1 /* Snooker.storekit */,
			);
			sourceTree = "<group>";
		};
		AAC264A52E93031A0062804E /* Products */ = {
			isa = PBXGroup;
			children = (
				AAC264A42E93031A0062804E /* Snooker.app */,
				AA74DA502FD3329700C71C6C /* SnookerWidgetExtension.appex */,
			);
			name = Products;
			sourceTree = "<group>";
		};
/* End PBXGroup section */

/* Begin PBXNativeTarget section */
		AA74DA4F2FD3329700C71C6C /* SnookerWidgetExtension */ = {
			isa = PBXNativeTarget;
			buildConfigurationList = AA74DA622FD3329A00C71C6C /* Build configuration list for PBXNativeTarget "SnookerWidgetExtension" */;
			buildPhases = (
				AA74DA4C2FD3329700C71C6C /* Sources */,
				AA74DA4D2FD3329700C71C6C /* Frameworks */,
				AA74DA4E2FD3329700C71C6C /* Resources */,
			);
			buildRules = (
			);
			dependencies = (
			);
			fileSystemSynchronizedGroups = (
				AA10CA1E2FE1000000000001 /* Localization */,
				AA74DA552FD3329800C71C6C /* SnookerWidget */,
			);
			name = SnookerWidgetExtension;
			packageProductDependencies = (
			);
			productName = SnookerWidgetExtension;
			productReference = AA74DA502FD3329700C71C6C /* SnookerWidgetExtension.appex */;
			productType = "com.apple.product-type.app-extension";
		};
		AAC264A32E93031A0062804E /* Snooker */ = {
			isa = PBXNativeTarget;
			buildConfigurationList = AAC264B72E93031C0062804E /* Build configuration list for PBXNativeTarget "Snooker" */;
			buildPhases = (
				AAC264A02E93031A0062804E /* Sources */,
				AAC264A12E93031A0062804E /* Frameworks */,
				AAC264A22E93031A0062804E /* Resources */,
				AA74DA662FD3329A00C71C6C /* Embed Foundation Extensions */,
			);
			buildRules = (
			);
			dependencies = (
				AA74DA602FD3329A00C71C6C /* PBXTargetDependency */,
			);
			fileSystemSynchronizedGroups = (
				AA10CA1E2FE1000000000001 /* Localization */,
				AABD5E762EB919C300B0045D /* Models */,
				AABD5E7A2EB919D000B0045D /* Network */,
				AAC264A62E93031A0062804E /* Snooker */,
			);
			name = Snooker;
			packageProductDependencies = (
				AAB319A32E96F1070014CA2A /* PostgREST */,
				AAB319A52E96F4770014CA2A /* Auth */,
				AAB319A72E96F4770014CA2A /* Functions */,
				AAB319AA2E96F4AF0014CA2A /* Supabase */,
			);
			productName = Snooker;
			productReference = AAC264A42E93031A0062804E /* Snooker.app */;
			productType = "com.apple.product-type.application";
		};
/* End PBXNativeTarget section */

/* Begin PBXProject section */
		AAC2649C2E93031A0062804E /* Project object */ = {
			isa = PBXProject;
			attributes = {
				BuildIndependentTargetsInParallel = 1;
				LastSwiftUpdateCheck = 2620;
				LastUpgradeCheck = 2610;
				TargetAttributes = {
					AA74DA4F2FD3329700C71C6C = {
						CreatedOnToolsVersion = 26.2;
					};
					AAC264A32E93031A0062804E = {
						CreatedOnToolsVersion = 26.0.1;
					};
				};
			};
			buildConfigurationList = AAC2649F2E93031A0062804E /* Build configuration list for PBXProject "Snooker" */;
			developmentRegion = en;
			hasScannedForEncodings = 0;
			knownRegions = (
				tr,
				en,
				Base,
			);
			mainGroup = AAC2649B2E93031A0062804E;
			minimizedProjectReferenceProxies = 1;
			packageReferences = (
				AAB319A22E96F1070014CA2A /* XCRemoteSwiftPackageReference "supabase-swift" */,
			);
			preferredProjectObjectVersion = 77;
			productRefGroup = AAC264A52E93031A0062804E /* Products */;
			projectDirPath = "";
			projectRoot = "";
			targets = (
				AAC264A32E93031A0062804E /* Snooker */,
				AA74DA4F2FD3329700C71C6C /* SnookerWidgetExtension */,
			);
		};
/* End PBXProject section */

/* Begin PBXResourcesBuildPhase section */
		AA74DA4E2FD3329700C71C6C /* Resources */ = {
			isa = PBXResourcesBuildPhase;
			buildActionMask = 2147483647;
			files = (
			);
			runOnlyForDeploymentPostprocessing = 0;
		};
		AAC264A22E93031A0062804E /* Resources */ = {
			isa = PBXResourcesBuildPhase;
			buildActionMask = 2147483647;
			files = (
				AA77FA5D2F1D38D500730596 /* Icon.icon in Resources */,
				AA4376662FE5FEE000BF4EB1 /* Snooker.storekit in Resources */,
			);
			runOnlyForDeploymentPostprocessing = 0;
		};
/* End PBXResourcesBuildPhase section */

/* Begin PBXSourcesBuildPhase section */
		AA74DA4C2FD3329700C71C6C /* Sources */ = {
			isa = PBXSourcesBuildPhase;
			buildActionMask = 2147483647;
			files = (
			);
			runOnlyForDeploymentPostprocessing = 0;
		};
		AAC264A02E93031A0062804E /* Sources */ = {
			isa = PBXSourcesBuildPhase;
			buildActionMask = 2147483647;
			files = (
			);
			runOnlyForDeploymentPostprocessing = 0;
		};
/* End PBXSourcesBuildPhase section */

/* Begin PBXTargetDependency section */
		AA74DA602FD3329A00C71C6C /* PBXTargetDependency */ = {
			isa = PBXTargetDependency;
			target = AA74DA4F2FD3329700C71C6C /* SnookerWidgetExtension */;
			targetProxy = AA74DA5F2FD3329A00C71C6C /* PBXContainerItemProxy */;
		};
/* End PBXTargetDependency section */

/* Begin XCBuildConfiguration section */
		AA74DA632FD3329A00C71C6C /* Debug */ = {
			isa = XCBuildConfiguration;
			buildSettings = {
				ASSETCATALOG_COMPILER_GLOBAL_ACCENT_COLOR_NAME = AccentColor;
				ASSETCATALOG_COMPILER_WIDGET_BACKGROUND_COLOR_NAME = WidgetBackground;
				CODE_SIGN_STYLE = Automatic;
				CURRENT_PROJECT_VERSION = 1;
				DEVELOPMENT_TEAM = 45RXZSPTHZ;
				GENERATE_INFOPLIST_FILE = YES;
				INFOPLIST_FILE = SnookerWidget/Info.plist;
				INFOPLIST_KEY_CFBundleDisplayName = SnookerWidget;
				INFOPLIST_KEY_NSHumanReadableCopyright = "";
				IPHONEOS_DEPLOYMENT_TARGET = 17.6;
				LD_RUNPATH_SEARCH_PATHS = (
					"$(inherited)",
					"@executable_path/Frameworks",
					"@executable_path/../../Frameworks",
				);
				MARKETING_VERSION = 1.0;
				PRODUCT_BUNDLE_IDENTIFIER = coders35.Snooker.SnookerWidget;
				PRODUCT_NAME = "$(TARGET_NAME)";
				SKIP_INSTALL = YES;
				STRING_CATALOG_GENERATE_SYMBOLS = YES;
				SWIFT_APPROACHABLE_CONCURRENCY = YES;
				SWIFT_EMIT_LOC_STRINGS = NO;
				SWIFT_UPCOMING_FEATURE_MEMBER_IMPORT_VISIBILITY = YES;
				SWIFT_VERSION = 5.0;
				TARGETED_DEVICE_FAMILY = "1,2";
			};
			name = Debug;
		};
		AA74DA642FD3329A00C71C6C /* Release */ = {
			isa = XCBuildConfiguration;
			buildSettings = {
				ASSETCATALOG_COMPILER_GLOBAL_ACCENT_COLOR_NAME = AccentColor;
				ASSETCATALOG_COMPILER_WIDGET_BACKGROUND_COLOR_NAME = WidgetBackground;
				CODE_SIGN_STYLE = Automatic;
				CURRENT_PROJECT_VERSION = 1;
				DEVELOPMENT_TEAM = 45RXZSPTHZ;
				GENERATE_INFOPLIST_FILE = YES;
				INFOPLIST_FILE = SnookerWidget/Info.plist;
				INFOPLIST_KEY_CFBundleDisplayName = SnookerWidget;
				INFOPLIST_KEY_NSHumanReadableCopyright = "";
				IPHONEOS_DEPLOYMENT_TARGET = 17.6;
				LD_RUNPATH_SEARCH_PATHS = (
					"$(inherited)",
					"@executable_path/Frameworks",
					"@executable_path/../../Frameworks",
				);
				MARKETING_VERSION = 1.0;
				PRODUCT_BUNDLE_IDENTIFIER = coders35.Snooker.SnookerWidget;
				PRODUCT_NAME = "$(TARGET_NAME)";
				SKIP_INSTALL = YES;
				STRING_CATALOG_GENERATE_SYMBOLS = YES;
				SWIFT_APPROACHABLE_CONCURRENCY = YES;
				SWIFT_EMIT_LOC_STRINGS = NO;
				SWIFT_UPCOMING_FEATURE_MEMBER_IMPORT_VISIBILITY = YES;
				SWIFT_VERSION = 5.0;
				TARGETED_DEVICE_FAMILY = "1,2";
			};
			name = Release;
		};
		AAC264B82E93031C0062804E /* Debug */ = {
			isa = XCBuildConfiguration;
			buildSettings = {
				ASSETCATALOG_COMPILER_APPICON_NAME = Icon;
				ASSETCATALOG_COMPILER_GLOBAL_ACCENT_COLOR_NAME = AccentColor;
				ASSETCATALOG_COMPILER_INCLUDE_ALL_APPICON_ASSETS = YES;
				CODE_SIGN_ENTITLEMENTS = Snooker/Snooker.entitlements;
				CODE_SIGN_STYLE = Automatic;
				CURRENT_PROJECT_VERSION = 20260801;
				DEVELOPMENT_TEAM = 45RXZSPTHZ;
				GENERATE_INFOPLIST_FILE = YES;
				INFOPLIST_FILE = Snooker/Info.plist;
				INFOPLIST_KEY_CFBundleDisplayName = Snooker;
				INFOPLIST_KEY_LSApplicationCategoryType = "public.app-category.sports";
				INFOPLIST_KEY_UIApplicationSupportsIndirectInputEvents = YES;
				INFOPLIST_KEY_UILaunchStoryboardName = LaunchScreen;
				INFOPLIST_KEY_UIMainStoryboardFile = Main;
				INFOPLIST_KEY_UISupportedInterfaceOrientations = UIInterfaceOrientationPortrait;
				INFOPLIST_KEY_UISupportedInterfaceOrientations_iPad = "UIInterfaceOrientationLandscapeLeft UIInterfaceOrientationLandscapeRight UIInterfaceOrientationPortrait UIInterfaceOrientationPortraitUpsideDown";
				IPHONEOS_DEPLOYMENT_TARGET = 17.6;
				LD_RUNPATH_SEARCH_PATHS = (
					"$(inherited)",
					"@executable_path/Frameworks",
				);
				MARKETING_VERSION = 2026.08;
				PRODUCT_BUNDLE_IDENTIFIER = coders35.Snooker;
				PRODUCT_NAME = "$(TARGET_NAME)";
				STRING_CATALOG_GENERATE_SYMBOLS = YES;
				SUPPORTED_PLATFORMS = "iphoneos iphonesimulator";
				SUPPORTS_MACCATALYST = NO;
				SUPPORTS_MAC_DESIGNED_FOR_IPHONE_IPAD = NO;
				SUPPORTS_XR_DESIGNED_FOR_IPHONE_IPAD = NO;
				SWIFT_APPROACHABLE_CONCURRENCY = YES;
				SWIFT_DEFAULT_ACTOR_ISOLATION = MainActor;
				SWIFT_EMIT_LOC_STRINGS = NO;
				SWIFT_UPCOMING_FEATURE_MEMBER_IMPORT_VISIBILITY = YES;
				SWIFT_VERSION = 6.0;
				TARGETED_DEVICE_FAMILY = "1,2";
			};
			name = Debug;
		};
		AAC264B92E93031C0062804E /* Release */ = {
			isa = XCBuildConfiguration;
			buildSettings = {
				ASSETCATALOG_COMPILER_APPICON_NAME = Icon;
				ASSETCATALOG_COMPILER_GLOBAL_ACCENT_COLOR_NAME = AccentColor;
				ASSETCATALOG_COMPILER_INCLUDE_ALL_APPICON_ASSETS = YES;
				CODE_SIGN_ENTITLEMENTS = Snooker/Snooker.entitlements;
				CODE_SIGN_STYLE = Automatic;
				CURRENT_PROJECT_VERSION = 20260801;
				DEVELOPMENT_TEAM = 45RXZSPTHZ;
				GENERATE_INFOPLIST_FILE = YES;
				INFOPLIST_FILE = Snooker/Info.plist;
				INFOPLIST_KEY_CFBundleDisplayName = Snooker;
				INFOPLIST_KEY_LSApplicationCategoryType = "public.app-category.sports";
				INFOPLIST_KEY_UIApplicationSupportsIndirectInputEvents = YES;
				INFOPLIST_KEY_UILaunchStoryboardName = LaunchScreen;
				INFOPLIST_KEY_UIMainStoryboardFile = Main;
				INFOPLIST_KEY_UISupportedInterfaceOrientations = UIInterfaceOrientationPortrait;
				INFOPLIST_KEY_UISupportedInterfaceOrientations_iPad = "UIInterfaceOrientationLandscapeLeft UIInterfaceOrientationLandscapeRight UIInterfaceOrientationPortrait UIInterfaceOrientationPortraitUpsideDown";
				IPHONEOS_DEPLOYMENT_TARGET = 17.6;
				LD_RUNPATH_SEARCH_PATHS = (
					"$(inherited)",
					"@executable_path/Frameworks",
				);
				MARKETING_VERSION = 2026.08;
				PRODUCT_BUNDLE_IDENTIFIER = coders35.Snooker;
				PRODUCT_NAME = "$(TARGET_NAME)";
				STRING_CATALOG_GENERATE_SYMBOLS = YES;
				SUPPORTED_PLATFORMS = "iphoneos iphonesimulator";
				SUPPORTS_MACCATALYST = NO;
				SUPPORTS_MAC_DESIGNED_FOR_IPHONE_IPAD = NO;
				SUPPORTS_XR_DESIGNED_FOR_IPHONE_IPAD = NO;
				SWIFT_APPROACHABLE_CONCURRENCY = YES;
				SWIFT_DEFAULT_ACTOR_ISOLATION = MainActor;
				SWIFT_EMIT_LOC_STRINGS = NO;
				SWIFT_UPCOMING_FEATURE_MEMBER_IMPORT_VISIBILITY = YES;
				SWIFT_VERSION = 6.0;
				TARGETED_DEVICE_FAMILY = "1,2";
			};
			name = Release;
		};
		AAC264BA2E93031C0062804E /* Debug */ = {
			isa = XCBuildConfiguration;
			buildSettings = {
				ALWAYS_SEARCH_USER_PATHS = NO;
				ASSETCATALOG_COMPILER_GENERATE_SWIFT_ASSET_SYMBOL_EXTENSIONS = YES;
				CLANG_ANALYZER_NONNULL = YES;
				CLANG_ANALYZER_NUMBER_OBJECT_CONVERSION = YES_AGGRESSIVE;
				CLANG_CXX_LANGUAGE_STANDARD = "gnu++20";
				CLANG_ENABLE_MODULES = YES;
				CLANG_ENABLE_OBJC_ARC = YES;
				CLANG_ENABLE_OBJC_WEAK = YES;
				CLANG_WARN_BLOCK_CAPTURE_AUTORELEASING = YES;
				CLANG_WARN_BOOL_CONVERSION = YES;
				CLANG_WARN_COMMA = YES;
				CLANG_WARN_CONSTANT_CONVERSION = YES;
				CLANG_WARN_DEPRECATED_OBJC_IMPLEMENTATIONS = YES;
				CLANG_WARN_DIRECT_OBJC_ISA_USAGE = YES_ERROR;
				CLANG_WARN_DOCUMENTATION_COMMENTS = YES;
				CLANG_WARN_EMPTY_BODY = YES;
				CLANG_WARN_ENUM_CONVERSION = YES;
				CLANG_WARN_INFINITE_RECURSION = YES;
				CLANG_WARN_INT_CONVERSION = YES;
				CLANG_WARN_NON_LITERAL_NULL_CONVERSION = YES;
				CLANG_WARN_OBJC_IMPLICIT_RETAIN_SELF = YES;
				CLANG_WARN_OBJC_LITERAL_CONVERSION = YES;
				CLANG_WARN_OBJC_ROOT_CLASS = YES_ERROR;
				CLANG_WARN_QUOTED_INCLUDE_IN_FRAMEWORK_HEADER = YES;
				CLANG_WARN_RANGE_LOOP_ANALYSIS = YES;
				CLANG_WARN_STRICT_PROTOTYPES = YES;
				CLANG_WARN_SUSPICIOUS_MOVE = YES;
				CLANG_WARN_UNGUARDED_AVAILABILITY = YES_AGGRESSIVE;
				CLANG_WARN_UNREACHABLE_CODE = YES;
				CLANG_WARN__DUPLICATE_METHOD_MATCH = YES;
				COPY_PHASE_STRIP = NO;
				DEBUG_INFORMATION_FORMAT = dwarf;
				DEVELOPMENT_TEAM = 45RXZSPTHZ;
				ENABLE_STRICT_OBJC_MSGSEND = YES;
				ENABLE_TESTABILITY = YES;
				ENABLE_USER_SCRIPT_SANDBOXING = YES;
				GCC_C_LANGUAGE_STANDARD = gnu17;
				GCC_DYNAMIC_NO_PIC = NO;
				GCC_NO_COMMON_BLOCKS = YES;
				GCC_OPTIMIZATION_LEVEL = 0;
				GCC_PREPROCESSOR_DEFINITIONS = (
					"DEBUG=1",
					"$(inherited)",
				);
				GCC_WARN_64_TO_32_BIT_CONVERSION = YES;
				GCC_WARN_ABOUT_RETURN_TYPE = YES_ERROR;
				GCC_WARN_UNDECLARED_SELECTOR = YES;
				GCC_WARN_UNINITIALIZED_AUTOS = YES_AGGRESSIVE;
				GCC_WARN_UNUSED_FUNCTION = YES;
				GCC_WARN_UNUSED_VARIABLE = YES;
				IPHONEOS_DEPLOYMENT_TARGET = 26.0;
				LOCALIZATION_PREFERS_STRING_CATALOGS = YES;
				MTL_ENABLE_DEBUG_INFO = INCLUDE_SOURCE;
				MTL_FAST_MATH = YES;
				ONLY_ACTIVE_ARCH = YES;
				SDKROOT = iphoneos;
				STRING_CATALOG_GENERATE_SYMBOLS = YES;
				SWIFT_ACTIVE_COMPILATION_CONDITIONS = "DEBUG $(inherited)";
				SWIFT_OPTIMIZATION_LEVEL = "-Onone";
			};
			name = Debug;
		};
		AAC264BB2E93031C0062804E /* Release */ = {
			isa = XCBuildConfiguration;
			buildSettings = {
				ALWAYS_SEARCH_USER_PATHS = NO;
				ASSETCATALOG_COMPILER_GENERATE_SWIFT_ASSET_SYMBOL_EXTENSIONS = YES;
				CLANG_ANALYZER_NONNULL = YES;
				CLANG_ANALYZER_NUMBER_OBJECT_CONVERSION = YES_AGGRESSIVE;
				CLANG_CXX_LANGUAGE_STANDARD = "gnu++20";
				CLANG_ENABLE_MODULES = YES;
				CLANG_ENABLE_OBJC_ARC = YES;
				CLANG_ENABLE_OBJC_WEAK = YES;
				CLANG_WARN_BLOCK_CAPTURE_AUTORELEASING = YES;
				CLANG_WARN_BOOL_CONVERSION = YES;
				CLANG_WARN_COMMA = YES;
				CLANG_WARN_CONSTANT_CONVERSION = YES;
				CLANG_WARN_DEPRECATED_OBJC_IMPLEMENTATIONS = YES;
				CLANG_WARN_DIRECT_OBJC_ISA_USAGE = YES_ERROR;
				CLANG_WARN_DOCUMENTATION_COMMENTS = YES;
				CLANG_WARN_EMPTY_BODY = YES;
				CLANG_WARN_ENUM_CONVERSION = YES;
				CLANG_WARN_INFINITE_RECURSION = YES;
				CLANG_WARN_INT_CONVERSION = YES;
				CLANG_WARN_NON_LITERAL_NULL_CONVERSION = YES;
				CLANG_WARN_OBJC_IMPLICIT_RETAIN_SELF = YES;
				CLANG_WARN_OBJC_LITERAL_CONVERSION = YES;
				CLANG_WARN_OBJC_ROOT_CLASS = YES_ERROR;
				CLANG_WARN_QUOTED_INCLUDE_IN_FRAMEWORK_HEADER = YES;
				CLANG_WARN_RANGE_LOOP_ANALYSIS = YES;
				CLANG_WARN_STRICT_PROTOTYPES = YES;
				CLANG_WARN_SUSPICIOUS_MOVE = YES;
				CLANG_WARN_UNGUARDED_AVAILABILITY = YES_AGGRESSIVE;
				CLANG_WARN_UNREACHABLE_CODE = YES;
				CLANG_WARN__DUPLICATE_METHOD_MATCH = YES;
				COPY_PHASE_STRIP = NO;
				DEBUG_INFORMATION_FORMAT = "dwarf-with-dsym";
				DEVELOPMENT_TEAM = 45RXZSPTHZ;
				ENABLE_NS_ASSERTIONS = NO;
				ENABLE_STRICT_OBJC_MSGSEND = YES;
				ENABLE_USER_SCRIPT_SANDBOXING = YES;
				GCC_C_LANGUAGE_STANDARD = gnu17;
				GCC_NO_COMMON_BLOCKS = YES;
				GCC_WARN_64_TO_32_BIT_CONVERSION = YES;
				GCC_WARN_ABOUT_RETURN_TYPE = YES_ERROR;
				GCC_WARN_UNDECLARED_SELECTOR = YES;
				GCC_WARN_UNINITIALIZED_AUTOS = YES_AGGRESSIVE;
				GCC_WARN_UNUSED_FUNCTION = YES;
				GCC_WARN_UNUSED_VARIABLE = YES;
				IPHONEOS_DEPLOYMENT_TARGET = 26.0;
				LOCALIZATION_PREFERS_STRING_CATALOGS = YES;
				MTL_ENABLE_DEBUG_INFO = NO;
				MTL_FAST_MATH = YES;
				SDKROOT = iphoneos;
				STRING_CATALOG_GENERATE_SYMBOLS = YES;
				SWIFT_COMPILATION_MODE = wholemodule;
				VALIDATE_PRODUCT = YES;
			};
			name = Release;
		};
/* End XCBuildConfiguration section */

/* Begin XCConfigurationList section */
		AA74DA622FD3329A00C71C6C /* Build configuration list for PBXNativeTarget "SnookerWidgetExtension" */ = {
			isa = XCConfigurationList;
			buildConfigurations = (
				AA74DA632FD3329A00C71C6C /* Debug */,
				AA74DA642FD3329A00C71C6C /* Release */,
			);
			defaultConfigurationIsVisible = 0;
			defaultConfigurationName = Release;
		};
		AAC2649F2E93031A0062804E /* Build configuration list for PBXProject "Snooker" */ = {
			isa = XCConfigurationList;
			buildConfigurations = (
				AAC264BA2E93031C0062804E /* Debug */,
				AAC264BB2E93031C0062804E /* Release */,
			);
			defaultConfigurationIsVisible = 0;
			defaultConfigurationName = Release;
		};
		AAC264B72E93031C0062804E /* Build configuration list for PBXNativeTarget "Snooker" */ = {
			isa = XCConfigurationList;
			buildConfigurations = (
				AAC264B82E93031C0062804E /* Debug */,
				AAC264B92E93031C0062804E /* Release */,
			);
			defaultConfigurationIsVisible = 0;
			defaultConfigurationName = Release;
		};
/* End XCConfigurationList section */

/* Begin XCRemoteSwiftPackageReference section */
		AAB319A22E96F1070014CA2A /* XCRemoteSwiftPackageReference "supabase-swift" */ = {
			isa = XCRemoteSwiftPackageReference;
			repositoryURL = "https://github.com/supabase/supabase-swift.git";
			requirement = {
				kind = upToNextMajorVersion;
				minimumVersion = 2.5.1;
			};
		};
/* End XCRemoteSwiftPackageReference section */

/* Begin XCSwiftPackageProductDependency section */
		AAB319A32E96F1070014CA2A /* PostgREST */ = {
			isa = XCSwiftPackageProductDependency;
			package = AAB319A22E96F1070014CA2A /* XCRemoteSwiftPackageReference "supabase-swift" */;
			productName = PostgREST;
		};
		AAB319A52E96F4770014CA2A /* Auth */ = {
			isa = XCSwiftPackageProductDependency;
			package = AAB319A22E96F1070014CA2A /* XCRemoteSwiftPackageReference "supabase-swift" */;
			productName = Auth;
		};
		AAB319A72E96F4770014CA2A /* Functions */ = {
			isa = XCSwiftPackageProductDependency;
			package = AAB319A22E96F1070014CA2A /* XCRemoteSwiftPackageReference "supabase-swift" */;
			productName = Functions;
		};
		AAB319AA2E96F4AF0014CA2A /* Supabase */ = {
			isa = XCSwiftPackageProductDependency;
			package = AAB319A22E96F1070014CA2A /* XCRemoteSwiftPackageReference "supabase-swift" */;
			productName = Supabase;
		};
/* End XCSwiftPackageProductDependency section */
	};
	rootObject = AAC2649C2E93031A0062804E /* Project object */;
}
